
Microsoft Visual Studio Solution File, Format Version 12.00
# Visual Studio Version 17
VisualStudioVersion = 17.4.33213.308
MinimumVisualStudioVersion = 10.0.40219.1
Project("{FAE04EC0-301F-11D3-BF4B-00C04F79EFBC}") = "Not_Defteri_Programlama", "Not_Defteri_Programlama\Not_Defteri_Programlama.csproj", "{463AC883-454C-48CE-BD3E-E605FDD70C11}"
EndProject
Global
	GlobalSection(SolutionConfigurationPlatforms) = preSolution
		Debug|Any CPU = Debug|Any CPU
		Release|Any CPU = Release|Any CPU
	EndGlobalSection
	GlobalSection(ProjectConfigurationPlatforms) = postSolution
		{463AC883-454C-48CE-BD3E-E605FDD70C11}.Debug|Any CPU.ActiveCfg = Debug|Any CPU
		{463AC883-454C-48CE-BD3E-E605FDD70C11}.Debug|Any CPU.Build.0 = Debug|Any CPU
		{463AC883-454C-48CE-BD3E-E605FDD70C11}.Release|Any CPU.ActiveCfg = Release|Any CPU
		{463AC883-454C-48CE-BD3E-E605FDD70C11}.Release|Any CPU.Build.0 = Release|Any CPU
	EndGlobalSection
	GlobalSection(SolutionProperties) = preSolution
		HideSolutionNode = FALSE
	EndGlobalSection
	GlobalSection(ExtensibilityGlobals) = postSolution
		SolutionGuid = {3B5DD1FB-2CBA-45AB-BC83-2A0EA50D188A}
	EndGlobalSection
EndGlobal
